
Microsoft Visual Studio Solution File, Format Version 12.00
# Visual Studio Version 17
VisualStudioVersion = 17.7.34221.43
MinimumVisualStudioVersion = 10.0.40219.1
Project("{FAE04EC0-301F-11D3-BF4B-00C04F79EFBC}") = "Coasia.WebApiRestful", "Coasia.WebApiRestful\Coasia.WebApiRestful.csproj", "{3B6EBC09-902F-40FB-9763-F2707C14741D}"
EndProject
Global
	GlobalSection(SolutionConfigurationPlatforms) = preSolution
		Debug|Any CPU = Debug|Any CPU
		Release|Any CPU = Release|Any CPU
	EndGlobalSection
	GlobalSection(ProjectConfigurationPlatforms) = postSolution
		{3B6EBC09-902F-40FB-9763-F2707C14741D}.Debug|Any CPU.ActiveCfg = Debug|Any CPU
		{3B6EBC09-902F-40FB-9763-F2707C14741D}.Debug|Any CPU.Build.0 = Debug|Any CPU
		{3B6EBC09-902F-40FB-9763-F2707C14741D}.Release|Any CPU.ActiveCfg = Release|Any CPU
		{3B6EBC09-902F-40FB-9763-F2707C14741D}.Release|Any CPU.Build.0 = Release|Any CPU
	EndGlobalSection
	GlobalSection(SolutionProperties) = preSolution
		HideSolutionNode = FALSE
	EndGlobalSection
	GlobalSection(ExtensibilityGlobals) = postSolution
		SolutionGuid = {F9FFEBA1-14BC-4EA6-A4DB-6359A4DA9C73}
	EndGlobalSection
EndGlobal
